
Microsoft Visual Studio Solution File, Format Version 12.00
# Visual Studio Version 16
VisualStudioVersion = 16.0.30011.22
MinimumVisualStudioVersion = 10.0.40219.1
Project("{FAE04EC0-301F-11D3-BF4B-00C04F79EFBC}") = "IES7", "Concurs.Android\IES7.csproj", "{ADD82555-2162-49F6-8213-B3C63EE47950}"
EndProject
Project("{FAE04EC0-301F-11D3-BF4B-00C04F79EFBC}") = "Concurs.iOS", "Concurs.iOS\Concurs.iOS.csproj", "{061C1B89-E28A-4454-9165-9EE2A4D0F57B}"
EndProject
Project("{9A19103F-16F7-4668-BE54-9A1E7A4F7556}") = "Concurs", "Concurs\Concurs.csproj", "{13057FB9-5B1C-4C16-B207-EC64530634A3}"
EndProject
Global
	GlobalSection(SolutionConfigurationPlatforms) = preSolution
		Debug|Any CPU = Debug|Any CPU
		Debug|iPhone = Debug|iPhone
		Debug|iPhoneSimulator = Debug|iPhoneSimulator
		Release|Any CPU = Release|Any CPU
		Release|iPhone = Release|iPhone
		Release|iPhoneSimulator = Release|iPhoneSimulator
	EndGlobalSection
	GlobalSection(ProjectConfigurationPlatforms) = postSolution
		{ADD82555-2162-49F6-8213-B3C63EE47950}.Debug|Any CPU.ActiveCfg = Debug|Any CPU
		{ADD82555-2162-49F6-8213-B3C63EE47950}.Debug|Any CPU.Build.0 = Debug|Any CPU
		{ADD82555-2162-49F6-8213-B3C63EE47950}.Debug|Any CPU.Deploy.0 = Debug|Any CPU
		{ADD82555-2162-49F6-8213-B3C63EE47950}.Debug|iPhone.ActiveCfg = Debug|Any CPU
		{ADD82555-2162-49F6-8213-B3C63EE47950}.Debug|iPhone.Build.0 = Debug|Any CPU
		{ADD82555-2162-49F6-8213-B3C63EE47950}.Debug|iPhone.Deploy.0 = Debug|Any CPU
		{ADD82555-2162-49F6-8213-B3C63EE47950}.Debug|iPhoneSimulator.ActiveCfg = Debug|Any CPU
		{ADD82555-2162-49F6-8213-B3C63EE47950}.Debug|iPhoneSimulator.Build.0 = Debug|Any CPU
		{ADD82555-2162-49F6-8213-B3C63EE47950}.Debug|iPhoneSimulator.Deploy.0 = Debug|Any CPU
		{ADD82555-2162-49F6-8213-B3C63EE47950}.Release|Any CPU.ActiveCfg = Release|Any CPU
		{ADD82555-2162-49F6-8213-B3C63EE47950}.Release|Any CPU.Build.0 = Release|Any CPU
		{ADD82555-2162-49F6-8213-B3C63EE47950}.Release|Any CPU.Deploy.0 = Release|Any CPU
		{ADD82555-2162-49F6-8213-B3C63EE47950}.Release|iPhone.ActiveCfg = Release|Any CPU
		{ADD82555-2162-49F6-8213-B3C63EE47950}.Release|iPhone.Build.0 = Release|Any CPU
		{ADD82555-2162-49F6-8213-B3C63EE47950}.Release|iPhone.Deploy.0 = Release|Any CPU
		{ADD82555-2162-49F6-8213-B3C63EE47950}.Release|iPhoneSimulator.ActiveCfg = Release|Any CPU
		{ADD82555-2162-49F6-8213-B3C63EE47950}.Release|iPhoneSimulator.Build.0 = Release|Any CPU
		{ADD82555-2162-49F6-8213-B3C63EE47950}.Release|iPhoneSimulator.Deploy.0 = Release|Any CPU
		{061C1B89-E28A-4454-9165-9EE2A4D0F57B}.Debug|Any CPU.ActiveCfg = Debug|iPhone
		{061C1B89-E28A-4454-9165-9EE2A4D0F57B}.Debug|Any CPU.Build.0 = Debug|iPhone
		{061C1B89-E28A-4454-9165-9EE2A4D0F57B}.Debug|Any CPU.Deploy.0 = Debug|iPhone
		{061C1B89-E28A-4454-9165-9EE2A4D0F57B}.Debug|iPhone.ActiveCfg = Debug|iPhone
		{061C1B89-E28A-4454-9165-9EE2A4D0F57B}.Debug|iPhone.Build.0 = Debug|iPhone
		{061C1B89-E28A-4454-9165-9EE2A4D0F57B}.Debug|iPhone.Deploy.0 = Debug|iPhone
		{061C1B89-E28A-4454-9165-9EE2A4D0F57B}.Debug|iPhoneSimulator.ActiveCfg = Debug|iPhoneSimulator
		{061C1B89-E28A-4454-9165-9EE2A4D0F57B}.Debug|iPhoneSimulator.Build.0 = Debug|iPhoneSimulator
		{061C1B89-E28A-4454-9165-9EE2A4D0F57B}.Debug|iPhoneSimulator.Deploy.0 = Debug|iPhoneSimulator
		{061C1B89-E28A-4454-9165-9EE2A4D0F57B}.Release|Any CPU.ActiveCfg = Release|iPhone
		{061C1B89-E28A-4454-9165-9EE2A4D0F57B}.Release|Any CPU.Build.0 = Release|iPhone
		{061C1B89-E28A-4454-9165-9EE2A4D0F57B}.Release|Any CPU.Deploy.0 = Release|iPhone
		{061C1B89-E28A-4454-9165-9EE2A4D0F57B}.Release|iPhone.ActiveCfg = Release|iPhone
		{061C1B89-E28A-4454-9165-9EE2A4D0F57B}.Release|iPhone.Build.0 = Release|iPhone
		{061C1B89-E28A-4454-9165-9EE2A4D0F57B}.Release|iPhone.Deploy.0 = Release|iPhone
		{061C1B89-E28A-4454-9165-9EE2A4D0F57B}.Release|iPhoneSimulator.ActiveCfg = Release|iPhoneSimulator
		{061C1B89-E28A-4454-9165-9EE2A4D0F57B}.Release|iPhoneSimulator.Build.0 = Release|iPhoneSimulator
		{061C1B89-E28A-4454-9165-9EE2A4D0F57B}.Release|iPhoneSimulator.Deploy.0 = Release|iPhoneSimulator
		{13057FB9-5B1C-4C16-B207-EC64530634A3}.Debug|Any CPU.ActiveCfg = Debug|Any CPU
		{13057FB9-5B1C-4C16-B207-EC64530634A3}.Debug|Any CPU.Build.0 = Debug|Any CPU
		{13057FB9-5B1C-4C16-B207-EC64530634A3}.Debug|Any CPU.Deploy.0 = Debug|Any CPU
		{13057FB9-5B1C-4C16-B207-EC64530634A3}.Debug|iPhone.ActiveCfg = Debug|Any CPU
		{13057FB9-5B1C-4C16-B207-EC64530634A3}.Debug|iPhone.Build.0 = Debug|Any CPU
		{13057FB9-5B1C-4C16-B207-EC64530634A3}.Debug|iPhone.Deploy.0 = Debug|Any CPU
		{13057FB9-5B1C-4C16-B207-EC64530634A3}.Debug|iPhoneSimulator.ActiveCfg = Debug|Any CPU
		{13057FB9-5B1C-4C16-B207-EC64530634A3}.Debug|iPhoneSimulator.Build.0 = Debug|Any CPU
		{13057FB9-5B1C-4C16-B207-EC64530634A3}.Debug|iPhoneSimulator.Deploy.0 = Debug|Any CPU
		{13057FB9-5B1C-4C16-B207-EC64530634A3}.Release|Any CPU.ActiveCfg = Release|Any CPU
		{13057FB9-5B1C-4C16-B207-EC64530634A3}.Release|Any CPU.Build.0 = Release|Any CPU
		{13057FB9-5B1C-4C16-B207-EC64530634A3}.Release|Any CPU.Deploy.0 = Release|Any CPU
		{13057FB9-5B1C-4C16-B207-EC64530634A3}.Release|iPhone.ActiveCfg = Release|Any CPU
		{13057FB9-5B1C-4C16-B207-EC64530634A3}.Release|iPhone.Build.0 = Release|Any CPU
		{13057FB9-5B1C-4C16-B207-EC64530634A3}.Release|iPhone.Deploy.0 = Release|Any CPU
		{13057FB9-5B1C-4C16-B207-EC64530634A3}.Release|iPhoneSimulator.ActiveCfg = Release|Any CPU
		{13057FB9-5B1C-4C16-B207-EC64530634A3}.Release|iPhoneSimulator.Build.0 = Release|Any CPU
		{13057FB9-5B1C-4C16-B207-EC64530634A3}.Release|iPhoneSimulator.Deploy.0 = Release|Any CPU
	EndGlobalSection
	GlobalSection(SolutionProperties) = preSolution
		HideSolutionNode = FALSE
	EndGlobalSection
	GlobalSection(ExtensibilityGlobals) = postSolution
		SolutionGuid = {421C2600-7A74-4DC2-9A1A-12B94F3DF09E}
	EndGlobalSection
EndGlobal
